{
    "_readme": [
        "This file locks the dependencies of your project to a known state",
        "Read more about it at https://getcomposer.org/doc/01-basic-usage.md#installing-dependencies",
        "This file is @generated automatically"
    ],
    "content-hash": "29b959250481d610e3f96d637322b010",
    "packages": [
        {
            "name": "srag/dic",
            "version": "v0.27.0",
            "source": {
                "type": "git",
                "url": "https://github.com/studer-raimann/DIC.git",
                "reference": "b646eaf28195e1f5c8930d2780709e907c4842c3"
            },
            "dist": {
                "type": "zip",
                "url": "https://api.github.com/repos/studer-raimann/DIC/zipball/b646eaf28195e1f5c8930d2780709e907c4842c3",
                "reference": "b646eaf28195e1f5c8930d2780709e907c4842c3",
                "shasum": ""
            },
            "require": {
                "php": ">=7.0"
            },
            "type": "library",
            "autoload": {
                "psr-4": {
                    "srag\\DIC\\SrMoveAssessmentToolbar\\": "src/"
                }
            },
            "notification-url": "https://packagist.org/downloads/",
            "license": [
                "GPL-3.0-only"
            ],
            "authors": [
                {
                    "name": "studer + raimann ag - Team Custom 1",
                    "email": "support-custom1@studer-raimann.ch",
                    "homepage": "https://studer-raimann.ch",
                    "role": "Developer"
                }
            ],
            "description": "Use all ILIAS globals in your class",
            "homepage": "https://github.com/studer-raimann/DIC",
            "keywords": [
                "ILIAS",
                "dic",
                "globals",
                "trait"
            ],
            "time": "2020-09-14T08:52:50+00:00"
        },
        {
            "name": "srag/librariesnamespacechanger",
            "version": "0.11.1",
            "source": {
                "type": "git",
                "url": "https://github.com/studer-raimann/LibrariesNamespaceChanger.git",
                "reference": "09e5b6ecbe503e6bb04f6742ce2a076e0236a3fa"
            },
            "dist": {
                "type": "zip",
                "url": "https://api.github.com/repos/studer-raimann/LibrariesNamespaceChanger/zipball/09e5b6ecbe503e6bb04f6742ce2a076e0236a3fa",
                "reference": "09e5b6ecbe503e6bb04f6742ce2a076e0236a3fa",
                "shasum": ""
            },
            "require": {
                "php": ">=7.0"
            },
            "type": "library",
            "autoload": {
                "psr-4": {
                    "srag\\LibrariesNamespaceChanger\\": "src/"
                }
            },
            "notification-url": "https://packagist.org/downloads/",
            "license": [
                "GPL-3.0-only"
            ],
            "authors": [
                {
                    "name": "studer + raimann ag - Team Custom 1",
                    "email": "support-custom1@studer-raimann.ch",
                    "homepage": "https://studer-raimann.ch",
                    "role": "Developer"
                }
            ],
            "description": "Change namespace of libraries to plugin namespace",
            "homepage": "https://github.com/studer-raimann/LibrariesNamespaceChanger",
            "keywords": [
                "ILIAS",
                "libraries"
            ],
            "time": "2020-09-16T06:32:24+00:00"
        }
    ],
    "packages-dev": [],
    "aliases": [],
    "minimum-stability": "stable",
    "stability-flags": [],
    "prefer-stable": false,
    "prefer-lowest": false,
    "platform": {
        "php": ">=7.0"
    },
    "platform-dev": [],
    "plugin-api-version": "1.1.0"
}
